// !$*UTF8*$!
{
	archiveVersion = 1;
	classes = {
	};
	objectVersion = 56;
	objects = {

/* Begin PBXBuildFile section */
		5E622FE72C67605B0085666C /* CryptoRadarApp.swift in Sources */ = {isa = PBXBuildFile; fileRef = 5E622FE62C67605B0085666C /* CryptoRadarApp.swift */; };
		5E622FE92C67605B0085666C /* ContentView.swift in Sources */ = {isa = PBXBuildFile; fileRef = 5E622FE82C67605B0085666C /* ContentView.swift */; };
		5E622FEB2C67605D0085666C /* Assets.xcassets in Resources */ = {isa = PBXBuildFile; fileRef = 5E622FEA2C67605D0085666C /* Assets.xcassets */; };
		5E622FEE2C67605D0085666C /* Preview Assets.xcassets in Resources */ = {isa = PBXBuildFile; fileRef = 5E622FED2C67605D0085666C /* Preview Assets.xcassets */; };
		5E622FF82C67605E0085666C /* CryptoRadarTests.swift in Sources */ = {isa = PBXBuildFile; fileRef = 5E622FF72C67605E0085666C /* CryptoRadarTests.swift */; };
		5E6230022C67605E0085666C /* CryptoRadarUITests.swift in Sources */ = {isa = PBXBuildFile; fileRef = 5E6230012C67605E0085666C /* CryptoRadarUITests.swift */; };
		5E6230042C67605E0085666C /* CryptoRadarUITestsLaunchTests.swift in Sources */ = {isa = PBXBuildFile; fileRef = 5E6230032C67605E0085666C /* CryptoRadarUITestsLaunchTests.swift */; };
/* End PBXBuildFile section */

/* Begin PBXContainerItemProxy section */
		5E622FF42C67605E0085666C /* PBXContainerItemProxy */ = {
			isa = PBXContainerItemProxy;
			containerPortal = 5E622FDB2C67605B0085666C /* Project object */;
			proxyType = 1;
			remoteGlobalIDString = 5E622FE22C67605B0085666C;
			remoteInfo = CryptoRadar;
		};
		5E622FFE2C67605E0085666C /* PBXContainerItemProxy */ = {
			isa = PBXContainerItemProxy;
			containerPortal = 5E622FDB2C67605B0085666C /* Project object */;
			proxyType = 1;
			remoteGlobalIDString = 5E622FE22C67605B0085666C;
			remoteInfo = CryptoRadar;
		};
/* End PBXContainerItemProxy section */

/* Begin PBXFileReference section */
		5E01C6D82C6D030E00FCD714 /* Presentation */ = {isa = PBXFileReference; lastKnownFileType = wrapper; name = Presentation; path = ../Presentation; sourceTree = "<group>"; };
		5E1D59362C6777E400530E81 /* Domain */ = {isa = PBXFileReference; lastKnownFileType = wrapper; name = Domain; path = ../Domain; sourceTree = "<group>"; };
		5E622FE32C67605B0085666C /* CryptoRadar.app */ = {isa = PBXFileReference; explicitFileType = wrapper.application; includeInIndex = 0; path = CryptoRadar.app; sourceTree = BUILT_PRODUCTS_DIR; };
		5E622FE62C67605B0085666C /* CryptoRadarApp.swift */ = {isa = PBXFileReference; lastKnownFileType = sourcecode.swift; path = CryptoRadarApp.swift; sourceTree = "<group>"; };
		5E622FE82C67605B0085666C /* ContentView.swift */ = {isa = PBXFileReference; lastKnownFileType = sourcecode.swift; path = ContentView.swift; sourceTree = "<group>"; };
		5E622FEA2C67605D0085666C /* Assets.xcassets */ = {isa = PBXFileReference; lastKnownFileType = folder.assetcatalog; path = Assets.xcassets; sourceTree = "<group>"; };
		5E622FED2C67605D0085666C /* Preview Assets.xcassets */ = {isa = PBXFileReference; lastKnownFileType = folder.assetcatalog; path = "Preview Assets.xcassets"; sourceTree = "<group>"; };
		5E622FF32C67605E0085666C /* CryptoRadarTests.xctest */ = {isa = PBXFileReference; explicitFileType = wrapper.cfbundle; includeInIndex = 0; path = CryptoRadarTests.xctest; sourceTree = BUILT_PRODUCTS_DIR; };
		5E622FF72C67605E0085666C /* CryptoRadarTests.swift */ = {isa = PBXFileReference; lastKnownFileType = sourcecode.swift; path = CryptoRadarTests.swift; sourceTree = "<group>"; };
		5E622FFD2C67605E0085666C /* CryptoRadarUITests.xctest */ = {isa = PBXFileReference; explicitFileType = wrapper.cfbundle; includeInIndex = 0; path = CryptoRadarUITests.xctest; sourceTree = BUILT_PRODUCTS_DIR; };
		5E6230012C67605E0085666C /* CryptoRadarUITests.swift */ = {isa = PBXFileReference; lastKnownFileType = sourcecode.swift; path = CryptoRadarUITests.swift; sourceTree = "<group>"; };
		5E6230032C67605E0085666C /* CryptoRadarUITestsLaunchTests.swift */ = {isa = PBXFileReference; lastKnownFileType = sourcecode.swift; path = CryptoRadarUITestsLaunchTests.swift; sourceTree = "<group>"; };
/* End PBXFileReference section */

/* Begin PBXFrameworksBuildPhase section */
		5E622FE02C67605B0085666C /* Frameworks */ = {
			isa = PBXFrameworksBuildPhase;
			buildActionMask = 2147483647;
			files = (
			);
			runOnlyForDeploymentPostprocessing = 0;
		};
		5E622FF02C67605E0085666C /* Frameworks */ = {
			isa = PBXFrameworksBuildPhase;
			buildActionMask = 2147483647;
			files = (
			);
			runOnlyForDeploymentPostprocessing = 0;
		};
		5E622FFA2C67605E0085666C /* Frameworks */ = {
			isa = PBXFrameworksBuildPhase;
			buildActionMask = 2147483647;
			files = (
			);
			runOnlyForDeploymentPostprocessing = 0;
		};
/* End PBXFrameworksBuildPhase section */

/* Begin PBXGroup section */
		5E622FDA2C67605B0085666C = {
			isa = PBXGroup;
			children = (
				5E01C6D82C6D030E00FCD714 /* Presentation */,
				5E1D59362C6777E400530E81 /* Domain */,
				5E622FE52C67605B0085666C /* CryptoRadar */,
				5E622FF62C67605E0085666C /* CryptoRadarTests */,
				5E6230002C67605E0085666C /* CryptoRadarUITests */,
				5E622FE42C67605B0085666C /* Products */,
			);
			sourceTree = "<group>";
		};
		5E622FE42C67605B0085666C /* Products */ = {
			isa = PBXGroup;
			children = (
				5E622FE32C67605B0085666C /* CryptoRadar.app */,
				5E622FF32C67605E0085666C /* CryptoRadarTests.xctest */,
				5E622FFD2C67605E0085666C /* CryptoRadarUITests.xctest */,
			);
			name = Products;
			sourceTree = "<group>";
		};
		5E622FE52C67605B0085666C /* CryptoRadar */ = {
			isa = PBXGroup;
			children = (
				5E622FE62C67605B0085666C /* CryptoRadarApp.swift */,
				5E622FE82C67605B0085666C /* ContentView.swift */,
				5E622FEA2C67605D0085666C /* Assets.xcassets */,
				5E622FEC2C67605D0085666C /* Preview Content */,
			);
			path = CryptoRadar;
			sourceTree = "<group>";
		};
		5E622FEC2C67605D0085666C /* Preview Content */ = {
			isa = PBXGroup;
			children = (
				5E622FED2C67605D0085666C /* Preview Assets.xcassets */,
			);
			path = "Preview Content";
			sourceTree = "<group>";
		};
		5E622FF62C67605E0085666C /* CryptoRadarTests */ = {
			isa = PBXGroup;
			children = (
				5E622FF72C67605E0085666C /* CryptoRadarTests.swift */,
			);
			path = CryptoRadarTests;
			sourceTree = "<group>";
		};
		5E6230002C67605E0085666C /* CryptoRadarUITests */ = {
			isa = PBXGroup;
			children = (
				5E6230012C67605E0085666C /* CryptoRadarUITests.swift */,
				5E6230032C67605E0085666C /* CryptoRadarUITestsLaunchTests.swift */,
			);
			path = CryptoRadarUITests;
			sourceTree = "<group>";
		};
/* End PBXGroup section */

/* Begin PBXNativeTarget section */
		5E622FE22C67605B0085666C /* CryptoRadar */ = {
			isa = PBXNativeTarget;
			buildConfigurationList = 5E6230072C67605E0085666C /* Build configuration list for PBXNativeTarget "CryptoRadar" */;
			buildPhases = (
				5E622FDF2C67605B0085666C /* Sources */,
				5E622FE02C67605B0085666C /* Frameworks */,
				5E622FE12C67605B0085666C /* Resources */,
			);
			buildRules = (
			);
			dependencies = (
			);
			name = CryptoRadar;
			productName = CryptoRadar;
			productReference = 5E622FE32C67605B0085666C /* CryptoRadar.app */;
			productType = "com.apple.product-type.application";
		};
		5E622FF22C67605E0085666C /* CryptoRadarTests */ = {
			isa = PBXNativeTarget;
			buildConfigurationList = 5E62300A2C67605E0085666C /* Build configuration list for PBXNativeTarget "CryptoRadarTests" */;
			buildPhases = (
				5E622FEF2C67605E0085666C /* Sources */,
				5E622FF02C67605E0085666C /* Frameworks */,
				5E622FF12C67605E0085666C /* Resources */,
			);
			buildRules = (
			);
			dependencies = (
				5E622FF52C67605E0085666C /* PBXTargetDependency */,
			);
			name = CryptoRadarTests;
			productName = CryptoRadarTests;
			productReference = 5E622FF32C67605E0085666C /* CryptoRadarTests.xctest */;
			productType = "com.apple.product-type.bundle.unit-test";
		};
		5E622FFC2C67605E0085666C /* CryptoRadarUITests */ = {
			isa = PBXNativeTarget;
			buildConfigurationList = 5E62300D2C67605E0085666C /* Build configuration list for PBXNativeTarget "CryptoRadarUITests" */;
			buildPhases = (
				5E622FF92C67605E0085666C /* Sources */,
				5E622FFA2C67605E0085666C /* Frameworks */,
				5E622FFB2C67605E0085666C /* Resources */,
			);
			buildRules = (
			);
			dependencies = (
				5E622FFF2C67605E0085666C /* PBXTargetDependency */,
			);
			name = CryptoRadarUITests;
			productName = CryptoRadarUITests;
			productReference = 5E622FFD2C67605E0085666C /* CryptoRadarUITests.xctest */;
			productType = "com.apple.product-type.bundle.ui-testing";
		};
/* End PBXNativeTarget section */

/* Begin PBXProject section */
		5E622FDB2C67605B0085666C /* Project object */ = {
			isa = PBXProject;
			attributes = {
				BuildIndependentTargetsInParallel = 1;
				LastSwiftUpdateCheck = 1540;
				LastUpgradeCheck = 1540;
				TargetAttributes = {
					5E622FE22C67605B0085666C = {
						CreatedOnToolsVersion = 15.4;
					};
					5E622FF22C67605E0085666C = {
						CreatedOnToolsVersion = 15.4;
						TestTargetID = 5E622FE22C67605B0085666C;
					};
					5E622FFC2C67605E0085666C = {
						CreatedOnToolsVersion = 15.4;
						TestTargetID = 5E622FE22C67605B0085666C;
					};
				};
			};
			buildConfigurationList = 5E622FDE2C67605B0085666C /* Build configuration list for PBXProject "CryptoRadar" */;
			compatibilityVersion = "Xcode 14.0";
			developmentRegion = en;
			hasScannedForEncodings = 0;
			knownRegions = (
				en,
				Base,
			);
			mainGroup = 5E622FDA2C67605B0085666C;
			productRefGroup = 5E622FE42C67605B0085666C /* Products */;
			projectDirPath = "";
			projectRoot = "";
			targets = (
				5E622FE22C67605B0085666C /* CryptoRadar */,
				5E622FF22C67605E0085666C /* CryptoRadarTests */,
				5E622FFC2C67605E0085666C /* CryptoRadarUITests */,
			);
		};
/* End PBXProject section */

/* Begin PBXResourcesBuildPhase section */
		5E622FE12C67605B0085666C /* Resources */ = {
			isa = PBXResourcesBuildPhase;
			buildActionMask = 2147483647;
			files = (
				5E622FEE2C67605D0085666C /* Preview Assets.xcassets in Resources */,
				5E622FEB2C67605D0085666C /* Assets.xcassets in Resources */,
			);
			runOnlyForDeploymentPostprocessing = 0;
		};
		5E622FF12C67605E0085666C /* Resources */ = {
			isa = PBXResourcesBuildPhase;
			buildActionMask = 2147483647;
			files = (
			);
			runOnlyForDeploymentPostprocessing = 0;
		};
		5E622FFB2C67605E0085666C /* Resources */ = {
			isa = PBXResourcesBuildPhase;
			buildActionMask = 2147483647;
			files = (
			);
			runOnlyForDeploymentPostprocessing = 0;
		};
/* End PBXResourcesBuildPhase section */

/* Begin PBXSourcesBuildPhase section */
		5E622FDF2C67605B0085666C /* Sources */ = {
			isa = PBXSourcesBuildPhase;
			buildActionMask = 2147483647;
			files = (
				5E622FE92C67605B0085666C /* ContentView.swift in Sources */,
				5E622FE72C67605B0085666C /* CryptoRadarApp.swift in Sources */,
			);
			runOnlyForDeploymentPostprocessing = 0;
		};
		5E622FEF2C67605E0085666C /* Sources */ = {
			isa = PBXSourcesBuildPhase;
			buildActionMask = 2147483647;
			files = (
				5E622FF82C67605E0085666C /* CryptoRadarTests.swift in Sources */,
			);
			runOnlyForDeploymentPostprocessing = 0;
		};
		5E622FF92C67605E0085666C /* Sources */ = {
			isa = PBXSourcesBuildPhase;
			buildActionMask = 2147483647;
			files = (
				5E6230042C67605E0085666C /* CryptoRadarUITestsLaunchTests.swift in Sources */,
				5E6230022C67605E0085666C /* CryptoRadarUITests.swift in Sources */,
			);
			runOnlyForDeploymentPostprocessing = 0;
		};
/* End PBXSourcesBuildPhase section */

/* Begin PBXTargetDependency section */
		5E622FF52C67605E0085666C /* PBXTargetDependency */ = {
			isa = PBXTargetDependency;
			target = 5E622FE22C67605B0085666C /* CryptoRadar */;
			targetProxy = 5E622FF42C67605E0085666C /* PBXContainerItemProxy */;
		};
		5E622FFF2C67605E0085666C /* PBXTargetDependency */ = {
			isa = PBXTargetDependency;
			target = 5E622FE22C67605B0085666C /* CryptoRadar */;
			targetProxy = 5E622FFE2C67605E0085666C /* PBXContainerItemProxy */;
		};
/* End PBXTargetDependency section */

/* Begin XCBuildConfiguration section */
		5E6230052C67605E0085666C /* Debug */ = {
			isa = XCBuildConfiguration;
			buildSettings = {
				ALWAYS_SEARCH_USER_PATHS = NO;
				ASSETCATALOG_COMPILER_GENERATE_SWIFT_ASSET_SYMBOL_EXTENSIONS = YES;
				CLANG_ANALYZER_NONNULL = YES;
				CLANG_ANALYZER_NUMBER_OBJECT_CONVERSION = YES_AGGRESSIVE;
				CLANG_CXX_LANGUAGE_STANDARD = "gnu++20";
				CLANG_ENABLE_MODULES = YES;
				CLANG_ENABLE_OBJC_ARC = YES;
				CLANG_ENABLE_OBJC_WEAK = YES;
				CLANG_WARN_BLOCK_CAPTURE_AUTORELEASING = YES;
				CLANG_WARN_BOOL_CONVERSION = YES;
				CLANG_WARN_COMMA = YES;
				CLANG_WARN_CONSTANT_CONVERSION = YES;
				CLANG_WARN_DEPRECATED_OBJC_IMPLEMENTATIONS = YES;
				CLANG_WARN_DIRECT_OBJC_ISA_USAGE = YES_ERROR;
				CLANG_WARN_DOCUMENTATION_COMMENTS = YES;
				CLANG_WARN_EMPTY_BODY = YES;
				CLANG_WARN_ENUM_CONVERSION = YES;
				CLANG_WARN_INFINITE_RECURSION = YES;
				CLANG_WARN_INT_CONVERSION = YES;
				CLANG_WARN_NON_LITERAL_NULL_CONVERSION = YES;
				CLANG_WARN_OBJC_IMPLICIT_RETAIN_SELF = YES;
				CLANG_WARN_OBJC_LITERAL_CONVERSION = YES;
				CLANG_WARN_OBJC_ROOT_CLASS = YES_ERROR;
				CLANG_WARN_QUOTED_INCLUDE_IN_FRAMEWORK_HEADER = YES;
				CLANG_WARN_RANGE_LOOP_ANALYSIS = YES;
				CLANG_WARN_STRICT_PROTOTYPES = YES;
				CLANG_WARN_SUSPICIOUS_MOVE = YES;
				CLANG_WARN_UNGUARDED_AVAILABILITY = YES_AGGRESSIVE;
				CLANG_WARN_UNREACHABLE_CODE = YES;
				CLANG_WARN__DUPLICATE_METHOD_MATCH = YES;
				COPY_PHASE_STRIP = NO;
				DEBUG_INFORMATION_FORMAT = dwarf;
				ENABLE_STRICT_OBJC_MSGSEND = YES;
				ENABLE_TESTABILITY = YES;
				ENABLE_USER_SCRIPT_SANDBOXING = YES;
				GCC_C_LANGUAGE_STANDARD = gnu17;
				GCC_DYNAMIC_NO_PIC = NO;
				GCC_NO_COMMON_BLOCKS = YES;
				GCC_OPTIMIZATION_LEVEL = 0;
				GCC_PREPROCESSOR_DEFINITIONS = (
					"DEBUG=1",
					"$(inherited)",
				);
				GCC_WARN_64_TO_32_BIT_CONVERSION = YES;
				GCC_WARN_ABOUT_RETURN_TYPE = YES_ERROR;
				GCC_WARN_UNDECLARED_SELECTOR = YES;
				GCC_WARN_UNINITIALIZED_AUTOS = YES_AGGRESSIVE;
				GCC_WARN_UNUSED_FUNCTION = YES;
				GCC_WARN_UNUSED_VARIABLE = YES;
				IPHONEOS_DEPLOYMENT_TARGET = 17.5;
				LOCALIZATION_PREFERS_STRING_CATALOGS = YES;
				MTL_ENABLE_DEBUG_INFO = INCLUDE_SOURCE;
				MTL_FAST_MATH = YES;
				ONLY_ACTIVE_ARCH = YES;
				SDKROOT = iphoneos;
				SWIFT_ACTIVE_COMPILATION_CONDITIONS = "DEBUG $(inherited)";
				SWIFT_OPTIMIZATION_LEVEL = "-Onone";
			};
			name = Debug;
		};
		5E6230062C67605E0085666C /* Release */ = {
			isa = XCBuildConfiguration;
			buildSettings = {
				ALWAYS_SEARCH_USER_PATHS = NO;
				ASSETCATALOG_COMPILER_GENERATE_SWIFT_ASSET_SYMBOL_EXTENSIONS = YES;
				CLANG_ANALYZER_NONNULL = YES;
				CLANG_ANALYZER_NUMBER_OBJECT_CONVERSION = YES_AGGRESSIVE;
				CLANG_CXX_LANGUAGE_STANDARD = "gnu++20";
				CLANG_ENABLE_MODULES = YES;
				CLANG_ENABLE_OBJC_ARC = YES;
				CLANG_ENABLE_OBJC_WEAK = YES;
				CLANG_WARN_BLOCK_CAPTURE_AUTORELEASING = YES;
				CLANG_WARN_BOOL_CONVERSION = YES;
				CLANG_WARN_COMMA = YES;
				CLANG_WARN_CONSTANT_CONVERSION = YES;
				CLANG_WARN_DEPRECATED_OBJC_IMPLEMENTATIONS = YES;
				CLANG_WARN_DIRECT_OBJC_ISA_USAGE = YES_ERROR;
				CLANG_WARN_DOCUMENTATION_COMMENTS = YES;
				CLANG_WARN_EMPTY_BODY = YES;
				CLANG_WARN_ENUM_CONVERSION = YES;
				CLANG_WARN_INFINITE_RECURSION = YES;
				CLANG_WARN_INT_CONVERSION = YES;
				CLANG_WARN_NON_LITERAL_NULL_CONVERSION = YES;
				CLANG_WARN_OBJC_IMPLICIT_RETAIN_SELF = YES;
				CLANG_WARN_OBJC_LITERAL_CONVERSION = YES;
				CLANG_WARN_OBJC_ROOT_CLASS = YES_ERROR;
				CLANG_WARN_QUOTED_INCLUDE_IN_FRAMEWORK_HEADER = YES;
				CLANG_WARN_RANGE_LOOP_ANALYSIS = YES;
				CLANG_WARN_STRICT_PROTOTYPES = YES;
				CLANG_WARN_SUSPICIOUS_MOVE = YES;
				CLANG_WARN_UNGUARDED_AVAILABILITY = YES_AGGRESSIVE;
				CLANG_WARN_UNREACHABLE_CODE = YES;
				CLANG_WARN__DUPLICATE_METHOD_MATCH = YES;
				COPY_PHASE_STRIP = NO;
				DEBUG_INFORMATION_FORMAT = "dwarf-with-dsym";
				ENABLE_NS_ASSERTIONS = NO;
				ENABLE_STRICT_OBJC_MSGSEND = YES;
				ENABLE_USER_SCRIPT_SANDBOXING = YES;
				GCC_C_LANGUAGE_STANDARD = gnu17;
				GCC_NO_COMMON_BLOCKS = YES;
				GCC_WARN_64_TO_32_BIT_CONVERSION = YES;
				GCC_WARN_ABOUT_RETURN_TYPE = YES_ERROR;
				GCC_WARN_UNDECLARED_SELECTOR = YES;
				GCC_WARN_UNINITIALIZED_AUTOS = YES_AGGRESSIVE;
				GCC_WARN_UNUSED_FUNCTION = YES;
				GCC_WARN_UNUSED_VARIABLE = YES;
				IPHONEOS_DEPLOYMENT_TARGET = 17.5;
				LOCALIZATION_PREFERS_STRING_CATALOGS = YES;
				MTL_ENABLE_DEBUG_INFO = NO;
				MTL_FAST_MATH = YES;
				SDKROOT = iphoneos;
				SWIFT_COMPILATION_MODE = wholemodule;
				VALIDATE_PRODUCT = YES;
			};
			name = Release;
		};
		5E6230082C67605E0085666C /* Debug */ = {
			isa = XCBuildConfiguration;
			buildSettings = {
				ASSETCATALOG_COMPILER_APPICON_NAME = AppIcon;
				ASSETCATALOG_COMPILER_GLOBAL_ACCENT_COLOR_NAME = AccentColor;
				CODE_SIGN_STYLE = Automatic;
				CURRENT_PROJECT_VERSION = 1;
				DEVELOPMENT_ASSET_PATHS = "\"CryptoRadar/Preview Content\"";
				DEVELOPMENT_TEAM = 75KSF446RQ;
				ENABLE_PREVIEWS = YES;
				GENERATE_INFOPLIST_FILE = YES;
				INFOPLIST_KEY_UIApplicationSceneManifest_Generation = YES;
				INFOPLIST_KEY_UIApplicationSupportsIndirectInputEvents = YES;
				INFOPLIST_KEY_UILaunchScreen_Generation = YES;
				INFOPLIST_KEY_UISupportedInterfaceOrientations_iPad = "UIInterfaceOrientationPortrait UIInterfaceOrientationPortraitUpsideDown UIInterfaceOrientationLandscapeLeft UIInterfaceOrientationLandscapeRight";
				INFOPLIST_KEY_UISupportedInterfaceOrientations_iPhone = "UIInterfaceOrientationPortrait UIInterfaceOrientationLandscapeLeft UIInterfaceOrientationLandscapeRight";
				LD_RUNPATH_SEARCH_PATHS = (
					"$(inherited)",
					"@executable_path/Frameworks",
				);
				MARKETING_VERSION = 1.0;
				PRODUCT_BUNDLE_IDENTIFIER = "com.albert-pangestu.CryptoRadar";
				PRODUCT_NAME = "$(TARGET_NAME)";
				SWIFT_EMIT_LOC_STRINGS = YES;
				SWIFT_VERSION = 5.0;
				TARGETED_DEVICE_FAMILY = "1,2";
			};
			name = Debug;
		};
		5E6230092C67605E0085666C /* Release */ = {
			isa = XCBuildConfiguration;
			buildSettings = {
				ASSETCATALOG_COMPILER_APPICON_NAME = AppIcon;
				ASSETCATALOG_COMPILER_GLOBAL_ACCENT_COLOR_NAME = AccentColor;
				CODE_SIGN_STYLE = Automatic;
				CURRENT_PROJECT_VERSION = 1;
				DEVELOPMENT_ASSET_PATHS = "\"CryptoRadar/Preview Content\"";
				DEVELOPMENT_TEAM = 75KSF446RQ;
				ENABLE_PREVIEWS = YES;
				GENERATE_INFOPLIST_FILE = YES;
				INFOPLIST_KEY_UIApplicationSceneManifest_Generation = YES;
				INFOPLIST_KEY_UIApplicationSupportsIndirectInputEvents = YES;
				INFOPLIST_KEY_UILaunchScreen_Generation = YES;
				INFOPLIST_KEY_UISupportedInterfaceOrientations_iPad = "UIInterfaceOrientationPortrait UIInterfaceOrientationPortraitUpsideDown UIInterfaceOrientationLandscapeLeft UIInterfaceOrientationLandscapeRight";
				INFOPLIST_KEY_UISupportedInterfaceOrientations_iPhone = "UIInterfaceOrientationPortrait UIInterfaceOrientationLandscapeLeft UIInterfaceOrientationLandscapeRight";
				LD_RUNPATH_SEARCH_PATHS = (
					"$(inherited)",
					"@executable_path/Frameworks",
				);
				MARKETING_VERSION = 1.0;
				PRODUCT_BUNDLE_IDENTIFIER = "com.albert-pangestu.CryptoRadar";
				PRODUCT_NAME = "$(TARGET_NAME)";
				SWIFT_EMIT_LOC_STRINGS = YES;
				SWIFT_VERSION = 5.0;
				TARGETED_DEVICE_FAMILY = "1,2";
			};
			name = Release;
		};
		5E62300B2C67605E0085666C /* Debug */ = {
			isa = XCBuildConfiguration;
			buildSettings = {
				ALWAYS_EMBED_SWIFT_STANDARD_LIBRARIES = YES;
				BUNDLE_LOADER = "$(TEST_HOST)";
				CODE_SIGN_STYLE = Automatic;
				CURRENT_PROJECT_VERSION = 1;
				DEVELOPMENT_TEAM = 75KSF446RQ;
				GENERATE_INFOPLIST_FILE = YES;
				IPHONEOS_DEPLOYMENT_TARGET = 17.5;
				MARKETING_VERSION = 1.0;
				PRODUCT_BUNDLE_IDENTIFIER = "com.albert-pangestu.CryptoRadarTests";
				PRODUCT_NAME = "$(TARGET_NAME)";
				SWIFT_EMIT_LOC_STRINGS = NO;
				SWIFT_VERSION = 5.0;
				TARGETED_DEVICE_FAMILY = "1,2";
				TEST_HOST = "$(BUILT_PRODUCTS_DIR)/CryptoRadar.app/$(BUNDLE_EXECUTABLE_FOLDER_PATH)/CryptoRadar";
			};
			name = Debug;
		};
		5E62300C2C67605E0085666C /* Release */ = {
			isa = XCBuildConfiguration;
			buildSettings = {
				ALWAYS_EMBED_SWIFT_STANDARD_LIBRARIES = YES;
				BUNDLE_LOADER = "$(TEST_HOST)";
				CODE_SIGN_STYLE = Automatic;
				CURRENT_PROJECT_VERSION = 1;
				DEVELOPMENT_TEAM = 75KSF446RQ;
				GENERATE_INFOPLIST_FILE = YES;
				IPHONEOS_DEPLOYMENT_TARGET = 17.5;
				MARKETING_VERSION = 1.0;
				PRODUCT_BUNDLE_IDENTIFIER = "com.albert-pangestu.CryptoRadarTests";
				PRODUCT_NAME = "$(TARGET_NAME)";
				SWIFT_EMIT_LOC_STRINGS = NO;
				SWIFT_VERSION = 5.0;
				TARGETED_DEVICE_FAMILY = "1,2";
				TEST_HOST = "$(BUILT_PRODUCTS_DIR)/CryptoRadar.app/$(BUNDLE_EXECUTABLE_FOLDER_PATH)/CryptoRadar";
			};
			name = Release;
		};
		5E62300E2C67605E0085666C /* Debug */ = {
			isa = XCBuildConfiguration;
			buildSettings = {
				ALWAYS_EMBED_SWIFT_STANDARD_LIBRARIES = YES;
				CODE_SIGN_STYLE = Automatic;
				CURRENT_PROJECT_VERSION = 1;
				DEVELOPMENT_TEAM = 75KSF446RQ;
				GENERATE_INFOPLIST_FILE = YES;
				MARKETING_VERSION = 1.0;
				PRODUCT_BUNDLE_IDENTIFIER = "com.albert-pangestu.CryptoRadarUITests";
				PRODUCT_NAME = "$(TARGET_NAME)";
				SWIFT_EMIT_LOC_STRINGS = NO;
				SWIFT_VERSION = 5.0;
				TARGETED_DEVICE_FAMILY = "1,2";
				TEST_TARGET_NAME = CryptoRadar;
			};
			name = Debug;
		};
		5E62300F2C67605E0085666C /* Release */ = {
			isa = XCBuildConfiguration;
			buildSettings = {
				ALWAYS_EMBED_SWIFT_STANDARD_LIBRARIES = YES;
				CODE_SIGN_STYLE = Automatic;
				CURRENT_PROJECT_VERSION = 1;
				DEVELOPMENT_TEAM = 75KSF446RQ;
				GENERATE_INFOPLIST_FILE = YES;
				MARKETING_VERSION = 1.0;
				PRODUCT_BUNDLE_IDENTIFIER = "com.albert-pangestu.CryptoRadarUITests";
				PRODUCT_NAME = "$(TARGET_NAME)";
				SWIFT_EMIT_LOC_STRINGS = NO;
				SWIFT_VERSION = 5.0;
				TARGETED_DEVICE_FAMILY = "1,2";
				TEST_TARGET_NAME = CryptoRadar;
			};
			name = Release;
		};
/* End XCBuildConfiguration section */

/* Begin XCConfigurationList section */
		5E622FDE2C67605B0085666C /* Build configuration list for PBXProject "CryptoRadar" */ = {
			isa = XCConfigurationList;
			buildConfigurations = (
				5E6230052C67605E0085666C /* Debug */,
				5E6230062C67605E0085666C /* Release */,
			);
			defaultConfigurationIsVisible = 0;
			defaultConfigurationName = Release;
		};
		5E6230072C67605E0085666C /* Build configuration list for PBXNativeTarget "CryptoRadar" */ = {
			isa = XCConfigurationList;
			buildConfigurations = (
				5E6230082C67605E0085666C /* Debug */,
				5E6230092C67605E0085666C /* Release */,
			);
			defaultConfigurationIsVisible = 0;
			defaultConfigurationName = Release;
		};
		5E62300A2C67605E0085666C /* Build configuration list for PBXNativeTarget "CryptoRadarTests" */ = {
			isa = XCConfigurationList;
			buildConfigurations = (
				5E62300B2C67605E0085666C /* Debug */,
				5E62300C2C67605E0085666C /* Release */,
			);
			defaultConfigurationIsVisible = 0;
			defaultConfigurationName = Release;
		};
		5E62300D2C67605E0085666C /* Build configuration list for PBXNativeTarget "CryptoRadarUITests" */ = {
			isa = XCConfigurationList;
			buildConfigurations = (
				5E62300E2C67605E0085666C /* Debug */,
				5E62300F2C67605E0085666C /* Release */,
			);
			defaultConfigurationIsVisible = 0;
			defaultConfigurationName = Release;
		};
/* End XCConfigurationList section */
	};
	rootObject = 5E622FDB2C67605B0085666C /* Project object */;
}
